// !$*UTF8*$!
{
	archiveVersion = 1;
	classes = {
	};
	objectVersion = 46;
	objects = {

/* Begin PBXBuildFile section */
		605992841D48B0E7001F284D /* main.m in Sources */ = {isa = PBXBuildFile; fileRef = 605992831D48B0E7001F284D /* main.m */; };
		605992871D48B0E7001F284D /* AppDelegate.m in Sources */ = {isa = PBXBuildFile; fileRef = 605992861D48B0E7001F284D /* AppDelegate.m */; };
		6059928A1D48B0E7001F284D /* FirstViewController.m in Sources */ = {isa = PBXBuildFile; fileRef = 605992891D48B0E7001F284D /* FirstViewController.m */; };
		6059928D1D48B0E7001F284D /* SecondViewController.m in Sources */ = {isa = PBXBuildFile; fileRef = 6059928C1D48B0E7001F284D /* SecondViewController.m */; };
		605992901D48B0E7001F284D /* Main.storyboard in Resources */ = {isa = PBXBuildFile; fileRef = 6059928E1D48B0E7001F284D /* Main.storyboard */; };
		605992921D48B0E7001F284D /* Assets.xcassets in Resources */ = {isa = PBXBuildFile; fileRef = 605992911D48B0E7001F284D /* Assets.xcassets */; };
		605992951D48B0E7001F284D /* LaunchScreen.storyboard in Resources */ = {isa = PBXBuildFile; fileRef = 605992931D48B0E7001F284D /* LaunchScreen.storyboard */; };
		605992A01D48B0E7001F284D /* TabBarTests.m in Sources */ = {isa = PBXBuildFile; fileRef = 6059929F1D48B0E7001F284D /* TabBarTests.m */; };
		605992AB1D48B0E7001F284D /* TabBarUITests.m in Sources */ = {isa = PBXBuildFile; fileRef = 605992AA1D48B0E7001F284D /* TabBarUITests.m */; };
/* End PBXBuildFile section */

/* Begin PBXContainerItemProxy section */
		6059929C1D48B0E7001F284D /* PBXContainerItemProxy */ = {
			isa = PBXContainerItemProxy;
			containerPortal = 605992771D48B0E7001F284D /* Project object */;
			proxyType = 1;
			remoteGlobalIDString = 6059927E1D48B0E7001F284D;
			remoteInfo = TabBar;
		};
		605992A71D48B0E7001F284D /* PBXContainerItemProxy */ = {
			isa = PBXContainerItemProxy;
			containerPortal = 605992771D48B0E7001F284D /* Project object */;
			proxyType = 1;
			remoteGlobalIDString = 6059927E1D48B0E7001F284D;
			remoteInfo = TabBar;
		};
/* End PBXContainerItemProxy section */

/* Begin PBXFileReference section */
		6059927F1D48B0E7001F284D /* TabBar.app */ = {isa = PBXFileReference; explicitFileType = wrapper.application; includeInIndex = 0; path = TabBar.app; sourceTree = BUILT_PRODUCTS_DIR; };
		605992831D48B0E7001F284D /* main.m */ = {isa = PBXFileReference; lastKnownFileType = sourcecode.c.objc; path = main.m; sourceTree = "<group>"; };
		605992851D48B0E7001F284D /* AppDelegate.h */ = {isa = PBXFileReference; lastKnownFileType = sourcecode.c.h; path = AppDelegate.h; sourceTree = "<group>"; };
		605992861D48B0E7001F284D /* AppDelegate.m */ = {isa = PBXFileReference; lastKnownFileType = sourcecode.c.objc; path = AppDelegate.m; sourceTree = "<group>"; };
		605992881D48B0E7001F284D /* FirstViewController.h */ = {isa = PBXFileReference; lastKnownFileType = sourcecode.c.h; path = FirstViewController.h; sourceTree = "<group>"; };
		605992891D48B0E7001F284D /* FirstViewController.m */ = {isa = PBXFileReference; lastKnownFileType = sourcecode.c.objc; path = FirstViewController.m; sourceTree = "<group>"; };
		6059928B1D48B0E7001F284D /* SecondViewController.h */ = {isa = PBXFileReference; lastKnownFileType = sourcecode.c.h; path = SecondViewController.h; sourceTree = "<group>"; };
		6059928C1D48B0E7001F284D /* SecondViewController.m */ = {isa = PBXFileReference; lastKnownFileType = sourcecode.c.objc; path = SecondViewController.m; sourceTree = "<group>"; };
		6059928F1D48B0E7001F284D /* Base */ = {isa = PBXFileReference; lastKnownFileType = file.storyboard; name = Base; path = Base.lproj/Main.storyboard; sourceTree = "<group>"; };
		605992911D48B0E7001F284D /* Assets.xcassets */ = {isa = PBXFileReference; lastKnownFileType = folder.assetcatalog; path = Assets.xcassets; sourceTree = "<group>"; };
		605992941D48B0E7001F284D /* Base */ = {isa = PBXFileReference; lastKnownFileType = file.storyboard; name = Base; path = Base.lproj/LaunchScreen.storyboard; sourceTree = "<group>"; };
		605992961D48B0E7001F284D /* Info.plist */ = {isa = PBXFileReference; lastKnownFileType = text.plist.xml; path = Info.plist; sourceTree = "<group>"; };
		6059929B1D48B0E7001F284D /* TabBarTests.xctest */ = {isa = PBXFileReference; explicitFileType = wrapper.cfbundle; includeInIndex = 0; path = TabBarTests.xctest; sourceTree = BUILT_PRODUCTS_DIR; };
		6059929F1D48B0E7001F284D /* TabBarTests.m */ = {isa = PBXFileReference; lastKnownFileType = sourcecode.c.objc; path = TabBarTests.m; sourceTree = "<group>"; };
		605992A11D48B0E7001F284D /* Info.plist */ = {isa = PBXFileReference; lastKnownFileType = text.plist.xml; path = Info.plist; sourceTree = "<group>"; };
		605992A61D48B0E7001F284D /* TabBarUITests.xctest */ = {isa = PBXFileReference; explicitFileType = wrapper.cfbundle; includeInIndex = 0; path = TabBarUITests.xctest; sourceTree = BUILT_PRODUCTS_DIR; };
		605992AA1D48B0E7001F284D /* TabBarUITests.m */ = {isa = PBXFileReference; lastKnownFileType = sourcecode.c.objc; path = TabBarUITests.m; sourceTree = "<group>"; };
		605992AC1D48B0E7001F284D /* Info.plist */ = {isa = PBXFileReference; lastKnownFileType = text.plist.xml; path = Info.plist; sourceTree = "<group>"; };
/* End PBXFileReference section */

/* Begin PBXFrameworksBuildPhase section */
		6059927C1D48B0E7001F284D /* Frameworks */ = {
			isa = PBXFrameworksBuildPhase;
			buildActionMask = 2147483647;
			files = (
			);
			runOnlyForDeploymentPostprocessing = 0;
		};
		605992981D48B0E7001F284D /* Frameworks */ = {
			isa = PBXFrameworksBuildPhase;
			buildActionMask = 2147483647;
			files = (
			);
			runOnlyForDeploymentPostprocessing = 0;
		};
		605992A31D48B0E7001F284D /* Frameworks */ = {
			isa = PBXFrameworksBuildPhase;
			buildActionMask = 2147483647;
			files = (
			);
			runOnlyForDeploymentPostprocessing = 0;
		};
/* End PBXFrameworksBuildPhase section */

/* Begin PBXGroup section */
		605992761D48B0E7001F284D = {
			isa = PBXGroup;
			children = (
				605992811D48B0E7001F284D /* TabBar */,
				6059929E1D48B0E7001F284D /* TabBarTests */,
				605992A91D48B0E7001F284D /* TabBarUITests */,
				605992801D48B0E7001F284D /* Products */,
			);
			sourceTree = "<group>";
		};
		605992801D48B0E7001F284D /* Products */ = {
			isa = PBXGroup;
			children = (
				6059927F1D48B0E7001F284D /* TabBar.app */,
				6059929B1D48B0E7001F284D /* TabBarTests.xctest */,
				605992A61D48B0E7001F284D /* TabBarUITests.xctest */,
			);
			name = Products;
			sourceTree = "<group>";
		};
		605992811D48B0E7001F284D /* TabBar */ = {
			isa = PBXGroup;
			children = (
				605992851D48B0E7001F284D /* AppDelegate.h */,
				605992861D48B0E7001F284D /* AppDelegate.m */,
				605992881D48B0E7001F284D /* FirstViewController.h */,
				605992891D48B0E7001F284D /* FirstViewController.m */,
				6059928B1D48B0E7001F284D /* SecondViewController.h */,
				6059928C1D48B0E7001F284D /* SecondViewController.m */,
				6059928E1D48B0E7001F284D /* Main.storyboard */,
				605992911D48B0E7001F284D /* Assets.xcassets */,
				605992931D48B0E7001F284D /* LaunchScreen.storyboard */,
				605992961D48B0E7001F284D /* Info.plist */,
				605992821D48B0E7001F284D /* Supporting Files */,
			);
			path = TabBar;
			sourceTree = "<group>";
		};
		605992821D48B0E7001F284D /* Supporting Files */ = {
			isa = PBXGroup;
			children = (
				605992831D48B0E7001F284D /* main.m */,
			);
			name = "Supporting Files";
			sourceTree = "<group>";
		};
		6059929E1D48B0E7001F284D /* TabBarTests */ = {
			isa = PBXGroup;
			children = (
				6059929F1D48B0E7001F284D /* TabBarTests.m */,
				605992A11D48B0E7001F284D /* Info.plist */,
			);
			path = TabBarTests;
			sourceTree = "<group>";
		};
		605992A91D48B0E7001F284D /* TabBarUITests */ = {
			isa = PBXGroup;
			children = (
				605992AA1D48B0E7001F284D /* TabBarUITests.m */,
				605992AC1D48B0E7001F284D /* Info.plist */,
			);
			path = TabBarUITests;
			sourceTree = "<group>";
		};
/* End PBXGroup section */

/* Begin PBXNativeTarget section */
		6059927E1D48B0E7001F284D /* TabBar */ = {
			isa = PBXNativeTarget;
			buildConfigurationList = 605992AF1D48B0E7001F284D /* Build configuration list for PBXNativeTarget "TabBar" */;
			buildPhases = (
				6059927B1D48B0E7001F284D /* Sources */,
				6059927C1D48B0E7001F284D /* Frameworks */,
				6059927D1D48B0E7001F284D /* Resources */,
			);
			buildRules = (
			);
			dependencies = (
			);
			name = TabBar;
			productName = TabBar;
			productReference = 6059927F1D48B0E7001F284D /* TabBar.app */;
			productType = "com.apple.product-type.application";
		};
		6059929A1D48B0E7001F284D /* TabBarTests */ = {
			isa = PBXNativeTarget;
			buildConfigurationList = 605992B21D48B0E7001F284D /* Build configuration list for PBXNativeTarget "TabBarTests" */;
			buildPhases = (
				605992971D48B0E7001F284D /* Sources */,
				605992981D48B0E7001F284D /* Frameworks */,
				605992991D48B0E7001F284D /* Resources */,
			);
			buildRules = (
			);
			dependencies = (
				6059929D1D48B0E7001F284D /* PBXTargetDependency */,
			);
			name = TabBarTests;
			productName = TabBarTests;
			productReference = 6059929B1D48B0E7001F284D /* TabBarTests.xctest */;
			productType = "com.apple.product-type.bundle.unit-test";
		};
		605992A51D48B0E7001F284D /* TabBarUITests */ = {
			isa = PBXNativeTarget;
			buildConfigurationList = 605992B51D48B0E7001F284D /* Build configuration list for PBXNativeTarget "TabBarUITests" */;
			buildPhases = (
				605992A21D48B0E7001F284D /* Sources */,
				605992A31D48B0E7001F284D /* Frameworks */,
				605992A41D48B0E7001F284D /* Resources */,
			);
			buildRules = (
			);
			dependencies = (
				605992A81D48B0E7001F284D /* PBXTargetDependency */,
			);
			name = TabBarUITests;
			productName = TabBarUITests;
			productReference = 605992A61D48B0E7001F284D /* TabBarUITests.xctest */;
			productType = "com.apple.product-type.bundle.ui-testing";
		};
/* End PBXNativeTarget section */

/* Begin PBXProject section */
		605992771D48B0E7001F284D /* Project object */ = {
			isa = PBXProject;
			attributes = {
				LastUpgradeCheck = 0730;
				ORGANIZATIONNAME = LLDM;
				TargetAttributes = {
					6059927E1D48B0E7001F284D = {
						CreatedOnToolsVersion = 7.3.1;
					};
					6059929A1D48B0E7001F284D = {
						CreatedOnToolsVersion = 7.3.1;
						TestTargetID = 6059927E1D48B0E7001F284D;
					};
					605992A51D48B0E7001F284D = {
						CreatedOnToolsVersion = 7.3.1;
						TestTargetID = 6059927E1D48B0E7001F284D;
					};
				};
			};
			buildConfigurationList = 6059927A1D48B0E7001F284D /* Build configuration list for PBXProject "TabBar" */;
			compatibilityVersion = "Xcode 3.2";
			developmentRegion = English;
			hasScannedForEncodings = 0;
			knownRegions = (
				en,
				Base,
			);
			mainGroup = 605992761D48B0E7001F284D;
			productRefGroup = 605992801D48B0E7001F284D /* Products */;
			projectDirPath = "";
			projectRoot = "";
			targets = (
				6059927E1D48B0E7001F284D /* TabBar */,
				6059929A1D48B0E7001F284D /* TabBarTests */,
				605992A51D48B0E7001F284D /* TabBarUITests */,
			);
		};
/* End PBXProject section */

/* Begin PBXResourcesBuildPhase section */
		6059927D1D48B0E7001F284D /* Resources */ = {
			isa = PBXResourcesBuildPhase;
			buildActionMask = 2147483647;
			files = (
				605992951D48B0E7001F284D /* LaunchScreen.storyboard in Resources */,
				605992921D48B0E7001F284D /* Assets.xcassets in Resources */,
				605992901D48B0E7001F284D /* Main.storyboard in Resources */,
			);
			runOnlyForDeploymentPostprocessing = 0;
		};
		605992991D48B0E7001F284D /* Resources */ = {
			isa = PBXResourcesBuildPhase;
			buildActionMask = 2147483647;
			files = (
			);
			runOnlyForDeploymentPostprocessing = 0;
		};
		605992A41D48B0E7001F284D /* Resources */ = {
			isa = PBXResourcesBuildPhase;
			buildActionMask = 2147483647;
			files = (
			);
			runOnlyForDeploymentPostprocessing = 0;
		};
/* End PBXResourcesBuildPhase section */

/* Begin PBXSourcesBuildPhase section */
		6059927B1D48B0E7001F284D /* Sources */ = {
			isa = PBXSourcesBuildPhase;
			buildActionMask = 2147483647;
			files = (
				6059928D1D48B0E7001F284D /* SecondViewController.m in Sources */,
				605992871D48B0E7001F284D /* AppDelegate.m in Sources */,
				6059928A1D48B0E7001F284D /* FirstViewController.m in Sources */,
				605992841D48B0E7001F284D /* main.m in Sources */,
			);
			runOnlyForDeploymentPostprocessing = 0;
		};
		605992971D48B0E7001F284D /* Sources */ = {
			isa = PBXSourcesBuildPhase;
			buildActionMask = 2147483647;
			files = (
				605992A01D48B0E7001F284D /* TabBarTests.m in Sources */,
			);
			runOnlyForDeploymentPostprocessing = 0;
		};
		605992A21D48B0E7001F284D /* Sources */ = {
			isa = PBXSourcesBuildPhase;
			buildActionMask = 2147483647;
			files = (
				605992AB1D48B0E7001F284D /* TabBarUITests.m in Sources */,
			);
			runOnlyForDeploymentPostprocessing = 0;
		};
/* End PBXSourcesBuildPhase section */

/* Begin PBXTargetDependency section */
		6059929D1D48B0E7001F284D /* PBXTargetDependency */ = {
			isa = PBXTargetDependency;
			target = 6059927E1D48B0E7001F284D /* TabBar */;
			targetProxy = 6059929C1D48B0E7001F284D /* PBXContainerItemProxy */;
		};
		605992A81D48B0E7001F284D /* PBXTargetDependency */ = {
			isa = PBXTargetDependency;
			target = 6059927E1D48B0E7001F284D /* TabBar */;
			targetProxy = 605992A71D48B0E7001F284D /* PBXContainerItemProxy */;
		};
/* End PBXTargetDependency section */

/* Begin PBXVariantGroup section */
		6059928E1D48B0E7001F284D /* Main.storyboard */ = {
			isa = PBXVariantGroup;
			children = (
				6059928F1D48B0E7001F284D /* Base */,
			);
			name = Main.storyboard;
			sourceTree = "<group>";
		};
		605992931D48B0E7001F284D /* LaunchScreen.storyboard */ = {
			isa = PBXVariantGroup;
			children = (
				605992941D48B0E7001F284D /* Base */,
			);
			name = LaunchScreen.storyboard;
			sourceTree = "<group>";
		};
/* End PBXVariantGroup section */

/* Begin XCBuildConfiguration section */
		605992AD1D48B0E7001F284D /* Debug */ = {
			isa = XCBuildConfiguration;
			buildSettings = {
				ALWAYS_SEARCH_USER_PATHS = NO;
				CLANG_ANALYZER_NONNULL = YES;
				CLANG_CXX_LANGUAGE_STANDARD = "gnu++0x";
				CLANG_CXX_LIBRARY = "libc++";
				CLANG_ENABLE_MODULES = YES;
				CLANG_ENABLE_OBJC_ARC = YES;
				CLANG_WARN_BOOL_CONVERSION = YES;
				CLANG_WARN_CONSTANT_CONVERSION = YES;
				CLANG_WARN_DIRECT_OBJC_ISA_USAGE = YES_ERROR;
				CLANG_WARN_EMPTY_BODY = YES;
				CLANG_WARN_ENUM_CONVERSION = YES;
				CLANG_WARN_INT_CONVERSION = YES;
				CLANG_WARN_OBJC_ROOT_CLASS = YES_ERROR;
				CLANG_WARN_UNREACHABLE_CODE = YES;
				CLANG_WARN__DUPLICATE_METHOD_MATCH = YES;
				"CODE_SIGN_IDENTITY[sdk=iphoneos*]" = "iPhone Developer";
				COPY_PHASE_STRIP = NO;
				DEBUG_INFORMATION_FORMAT = dwarf;
				ENABLE_STRICT_OBJC_MSGSEND = YES;
				ENABLE_TESTABILITY = YES;
				GCC_C_LANGUAGE_STANDARD = gnu99;
				GCC_DYNAMIC_NO_PIC = NO;
				GCC_NO_COMMON_BLOCKS = YES;
				GCC_OPTIMIZATION_LEVEL = 0;
				GCC_PREPROCESSOR_DEFINITIONS = (
					"DEBUG=1",
					"$(inherited)",
				);
				GCC_WARN_64_TO_32_BIT_CONVERSION = YES;
				GCC_WARN_ABOUT_RETURN_TYPE = YES_ERROR;
				GCC_WARN_UNDECLARED_SELECTOR = YES;
				GCC_WARN_UNINITIALIZED_AUTOS = YES_AGGRESSIVE;
				GCC_WARN_UNUSED_FUNCTION = YES;
				GCC_WARN_UNUSED_VARIABLE = YES;
				IPHONEOS_DEPLOYMENT_TARGET = 9.3;
				MTL_ENABLE_DEBUG_INFO = YES;
				ONLY_ACTIVE_ARCH = YES;
				SDKROOT = iphoneos;
				TARGETED_DEVICE_FAMILY = "1,2";
			};
			name = Debug;
		};
		605992AE1D48B0E7001F284D /* Release */ = {
			isa = XCBuildConfiguration;
			buildSettings = {
				ALWAYS_SEARCH_USER_PATHS = NO;
				CLANG_ANALYZER_NONNULL = YES;
				CLANG_CXX_LANGUAGE_STANDARD = "gnu++0x";
				CLANG_CXX_LIBRARY = "libc++";
				CLANG_ENABLE_MODULES = YES;
				CLANG_ENABLE_OBJC_ARC = YES;
				CLANG_WARN_BOOL_CONVERSION = YES;
				CLANG_WARN_CONSTANT_CONVERSION = YES;
				CLANG_WARN_DIRECT_OBJC_ISA_USAGE = YES_ERROR;
				CLANG_WARN_EMPTY_BODY = YES;
				CLANG_WARN_ENUM_CONVERSION = YES;
				CLANG_WARN_INT_CONVERSION = YES;
				CLANG_WARN_OBJC_ROOT_CLASS = YES_ERROR;
				CLANG_WARN_UNREACHABLE_CODE = YES;
				CLANG_WARN__DUPLICATE_METHOD_MATCH = YES;
				"CODE_SIGN_IDENTITY[sdk=iphoneos*]" = "iPhone Developer";
				COPY_PHASE_STRIP = NO;
				DEBUG_INFORMATION_FORMAT = "dwarf-with-dsym";
				ENABLE_NS_ASSERTIONS = NO;
				ENABLE_STRICT_OBJC_MSGSEND = YES;
				GCC_C_LANGUAGE_STANDARD = gnu99;
				GCC_NO_COMMON_BLOCKS = YES;
				GCC_WARN_64_TO_32_BIT_CONVERSION = YES;
				GCC_WARN_ABOUT_RETURN_TYPE = YES_ERROR;
				GCC_WARN_UNDECLARED_SELECTOR = YES;
				GCC_WARN_UNINITIALIZED_AUTOS = YES_AGGRESSIVE;
				GCC_WARN_UNUSED_FUNCTION = YES;
				GCC_WARN_UNUSED_VARIABLE = YES;
				IPHONEOS_DEPLOYMENT_TARGET = 9.3;
				MTL_ENABLE_DEBUG_INFO = NO;
				SDKROOT = iphoneos;
				TARGETED_DEVICE_FAMILY = "1,2";
				VALIDATE_PRODUCT = YES;
			};
			name = Release;
		};
		605992B01D48B0E7001F284D /* Debug */ = {
			isa = XCBuildConfiguration;
			buildSettings = {
				ASSETCATALOG_COMPILER_APPICON_NAME = AppIcon;
				INFOPLIST_FILE = TabBar/Info.plist;
				LD_RUNPATH_SEARCH_PATHS = "$(inherited) @executable_path/Frameworks";
				PRODUCT_BUNDLE_IDENTIFIER = com.launchlabs.TabBar;
				PRODUCT_NAME = "$(TARGET_NAME)";
			};
			name = Debug;
		};
		605992B11D48B0E7001F284D /* Release */ = {
			isa = XCBuildConfiguration;
			buildSettings = {
				ASSETCATALOG_COMPILER_APPICON_NAME = AppIcon;
				INFOPLIST_FILE = TabBar/Info.plist;
				LD_RUNPATH_SEARCH_PATHS = "$(inherited) @executable_path/Frameworks";
				PRODUCT_BUNDLE_IDENTIFIER = com.launchlabs.TabBar;
				PRODUCT_NAME = "$(TARGET_NAME)";
			};
			name = Release;
		};
		605992B31D48B0E7001F284D /* Debug */ = {
			isa = XCBuildConfiguration;
			buildSettings = {
				BUNDLE_LOADER = "$(TEST_HOST)";
				INFOPLIST_FILE = TabBarTests/Info.plist;
				LD_RUNPATH_SEARCH_PATHS = "$(inherited) @executable_path/Frameworks @loader_path/Frameworks";
				PRODUCT_BUNDLE_IDENTIFIER = com.launchlabs.TabBarTests;
				PRODUCT_NAME = "$(TARGET_NAME)";
				TEST_HOST = "$(BUILT_PRODUCTS_DIR)/TabBar.app/TabBar";
			};
			name = Debug;
		};
		605992B41D48B0E7001F284D /* Release */ = {
			isa = XCBuildConfiguration;
			buildSettings = {
				BUNDLE_LOADER = "$(TEST_HOST)";
				INFOPLIST_FILE = TabBarTests/Info.plist;
				LD_RUNPATH_SEARCH_PATHS = "$(inherited) @executable_path/Frameworks @loader_path/Frameworks";
				PRODUCT_BUNDLE_IDENTIFIER = com.launchlabs.TabBarTests;
				PRODUCT_NAME = "$(TARGET_NAME)";
				TEST_HOST = "$(BUILT_PRODUCTS_DIR)/TabBar.app/TabBar";
			};
			name = Release;
		};
		605992B61D48B0E7001F284D /* Debug */ = {
			isa = XCBuildConfiguration;
			buildSettings = {
				INFOPLIST_FILE = TabBarUITests/Info.plist;
				LD_RUNPATH_SEARCH_PATHS = "$(inherited) @executable_path/Frameworks @loader_path/Frameworks";
				PRODUCT_BUNDLE_IDENTIFIER = com.launchlabs.TabBarUITests;
				PRODUCT_NAME = "$(TARGET_NAME)";
				TEST_TARGET_NAME = TabBar;
			};
			name = Debug;
		};
		605992B71D48B0E7001F284D /* Release */ = {
			isa = XCBuildConfiguration;
			buildSettings = {
				INFOPLIST_FILE = TabBarUITests/Info.plist;
				LD_RUNPATH_SEARCH_PATHS = "$(inherited) @executable_path/Frameworks @loader_path/Frameworks";
				PRODUCT_BUNDLE_IDENTIFIER = com.launchlabs.TabBarUITests;
				PRODUCT_NAME = "$(TARGET_NAME)";
				TEST_TARGET_NAME = TabBar;
			};
			name = Release;
		};
/* End XCBuildConfiguration section */

/* Begin XCConfigurationList section */
		6059927A1D48B0E7001F284D /* Build configuration list for PBXProject "TabBar" */ = {
			isa = XCConfigurationList;
			buildConfigurations = (
				605992AD1D48B0E7001F284D /* Debug */,
				605992AE1D48B0E7001F284D /* Release */,
			);
			defaultConfigurationIsVisible = 0;
			defaultConfigurationName = Release;
		};
		605992AF1D48B0E7001F284D /* Build configuration list for PBXNativeTarget "TabBar" */ = {
			isa = XCConfigurationList;
			buildConfigurations = (
				605992B01D48B0E7001F284D /* Debug */,
				605992B11D48B0E7001F284D /* Release */,
			);
			defaultConfigurationIsVisible = 0;
		};
		605992B21D48B0E7001F284D /* Build configuration list for PBXNativeTarget "TabBarTests" */ = {
			isa = XCConfigurationList;
			buildConfigurations = (
				605992B31D48B0E7001F284D /* Debug */,
				605992B41D48B0E7001F284D /* Release */,
			);
			defaultConfigurationIsVisible = 0;
		};
		605992B51D48B0E7001F284D /* Build configuration list for PBXNativeTarget "TabBarUITests" */ = {
			isa = XCConfigurationList;
			buildConfigurations = (
				605992B61D48B0E7001F284D /* Debug */,
				605992B71D48B0E7001F284D /* Release */,
			);
			defaultConfigurationIsVisible = 0;
		};
/* End XCConfigurationList section */
	};
	rootObject = 605992771D48B0E7001F284D /* Project object */;
}
